
Microsoft Visual Studio Solution File, Format Version 12.00
# Visual Studio Version 17
VisualStudioVersion = 17.14.36025.13
MinimumVisualStudioVersion = 10.0.40219.1
Project("{FAE04EC0-301F-11D3-BF4B-00C04F79EFBC}") = "Store.Core", "Store.Core\Store.Core.csproj", "{08911963-38FC-4D58-8A0C-463A096487B3}"
EndProject
Project("{FAE04EC0-301F-11D3-BF4B-00C04F79EFBC}") = "Store.ConsoleApp", "Store.ConsoleApp\Store.ConsoleApp.csproj", "{4C14B5E3-A7E2-4CDA-8F27-209F307D8A4B}"
EndProject
Project("{FAE04EC0-301F-11D3-BF4B-00C04F79EFBC}") = "Store.App", "Store.App\Store.App.csproj", "{A6A63B44-BA78-47A5-AEE5-217654E37115}"
EndProject
Global
	GlobalSection(SolutionConfigurationPlatforms) = preSolution
		Debug|Any CPU = Debug|Any CPU
		Release|Any CPU = Release|Any CPU
	EndGlobalSection
	GlobalSection(ProjectConfigurationPlatforms) = postSolution
		{08911963-38FC-4D58-8A0C-463A096487B3}.Debug|Any CPU.ActiveCfg = Debug|Any CPU
		{08911963-38FC-4D58-8A0C-463A096487B3}.Debug|Any CPU.Build.0 = Debug|Any CPU
		{08911963-38FC-4D58-8A0C-463A096487B3}.Release|Any CPU.ActiveCfg = Release|Any CPU
		{08911963-38FC-4D58-8A0C-463A096487B3}.Release|Any CPU.Build.0 = Release|Any CPU
		{4C14B5E3-A7E2-4CDA-8F27-209F307D8A4B}.Debug|Any CPU.ActiveCfg = Debug|Any CPU
		{4C14B5E3-A7E2-4CDA-8F27-209F307D8A4B}.Debug|Any CPU.Build.0 = Debug|Any CPU
		{4C14B5E3-A7E2-4CDA-8F27-209F307D8A4B}.Release|Any CPU.ActiveCfg = Release|Any CPU
		{4C14B5E3-A7E2-4CDA-8F27-209F307D8A4B}.Release|Any CPU.Build.0 = Release|Any CPU
		{A6A63B44-BA78-47A5-AEE5-217654E37115}.Debug|Any CPU.ActiveCfg = Debug|Any CPU
		{A6A63B44-BA78-47A5-AEE5-217654E37115}.Debug|Any CPU.Build.0 = Debug|Any CPU
		{A6A63B44-BA78-47A5-AEE5-217654E37115}.Release|Any CPU.ActiveCfg = Release|Any CPU
		{A6A63B44-BA78-47A5-AEE5-217654E37115}.Release|Any CPU.Build.0 = Release|Any CPU
	EndGlobalSection
	GlobalSection(SolutionProperties) = preSolution
		HideSolutionNode = FALSE
	EndGlobalSection
	GlobalSection(ExtensibilityGlobals) = postSolution
		SolutionGuid = {9C48C9BE-D6BE-46E2-8179-71AD27EB95B1}
	EndGlobalSection
EndGlobal
